PODS:
  - Alamofire (4.8.2)
  - BonMot (5.3)
  - Codextended (0.2.0)
  - PINCache (3.0.1-beta.6):
    - PINCache/Arc-exception-safe (= 3.0.1-beta.6)
    - PINCache/Core (= 3.0.1-beta.6)
  - PINCache/Arc-exception-safe (3.0.1-beta.6):
    - PINCache/Core
  - PINCache/Core (3.0.1-beta.6):
    - PINOperation (~> 1.1.0)
  - PINOperation (1.1.1)
  - PINRemoteImage/Core (3.0.0-beta.13):
    - PINOperation
  - PINRemoteImage/iOS (3.0.0-beta.13):
    - PINRemoteImage/Core
  - PINRemoteImage/PINCache (3.0.0-beta.13):
    - PINCache (= 3.0.1-beta.6)
    - PINRemoteImage/Core
  - ReactorKit (1.2.1):
    - RxSwift (>= 4.0.0)
  - RxAlamofire (4.4.1):
    - RxAlamofire/Core (= 4.4.1)
  - RxAlamofire/Core (4.4.1):
    - Alamofire (~> 4.8)
    - RxSwift (~> 4.5)
  - RxCocoa (4.5.0):
    - RxSwift (>= 4.4.2, ~> 4.4)
  - RxCocoa-Texture (2.3.0):
    - RxCocoa (~> 4.0)
    - RxSwift (~> 4.0)
    - Texture (= 2.8)
  - RxOptional (3.6.2):
    - RxCocoa (~> 4.0)
    - RxSwift (~> 4.0)
  - RxSwift (4.5.0)
  - Texture (2.8):
    - Texture/AssetsLibrary (= 2.8)
    - Texture/Core (= 2.8)
    - Texture/MapKit (= 2.8)
    - Texture/Photos (= 2.8)
    - Texture/PINRemoteImage (= 2.8)
    - Texture/Video (= 2.8)
  - Texture/AssetsLibrary (2.8):
    - Texture/Core
  - Texture/Core (2.8)
  - Texture/MapKit (2.8):
    - Texture/Core
  - Texture/Photos (2.8):
    - Texture/Core
  - Texture/PINRemoteImage (2.8):
    - PINRemoteImage/iOS (= 3.0.0-beta.13)
    - PINRemoteImage/PINCache
    - Texture/Core
  - Texture/Video (2.8):
    - Texture/Core

DEPENDENCIES:
  - BonMot
  - Codextended
  - ReactorKit
  - RxAlamofire
  - RxCocoa
  - RxCocoa-Texture
  - RxOptional
  - RxSwift
  - Texture

SPEC REPOS:
  https://github.com/cocoapods/specs.git:
    - Alamofire
    - BonMot
    - Codextended
    - PINCache
    - PINOperation
    - PINRemoteImage
    - ReactorKit
    - RxAlamofire
    - RxCocoa
    - RxCocoa-Texture
    - RxOptional
    - RxSwift
    - Texture

SPEC CHECKSUMS:
  Alamofire: ae5c501addb7afdbb13687d7f2f722c78734c2d3
  BonMot: 0104d1b4eda54f4a4b7393d6559539ef25498fbd
  Codextended: 9974c2ce5c3f2191c75aebaf88172b852482c06f
  PINCache: d195fdba255283f7e9900a55e3cced377f431f9b
  PINOperation: a6219e6fc9db9c269eb7a7b871ac193bcf400aac
  PINRemoteImage: d6d51c5d2adda55f1ce30c96e850b6c4ebd2856a
  ReactorKit: 8be57f0527ad1ac2963cd5c338274a46a01e57a3
  RxAlamofire: ed65f451f5a9a59419b0b9e705043dc01410edd9
  RxCocoa: cbf70265dc65a981d4ac982e513c10cf23df24a0
  RxCocoa-Texture: e93fe1e32772d3f744069aeea16abe38f94ec8b2
  RxOptional: 80426a0ddbd092573e4c482d8cc13302078c4d5e
  RxSwift: f172070dfd1a93d70a9ab97a5a01166206e1c575
  Texture: fc6e0157201f3a6e503d364c147b1872e365cef4

PODFILE CHECKSUM: 0b809eebfb08b37d6912829457e8b9981fbe5c96

COCOAPODS: 1.5.3
