// !$*UTF8*$!
{
	archiveVersion = 1;
	classes = {
	};
	objectVersion = 50;
	objects = {

/* Begin PBXBuildFile section */
		4B8F610765BECD4E8DDFAE08 /* Pods_CleanSwiftExample.framework in Frameworks */ = {isa = PBXBuildFile; fileRef = E7E4311CD4531FB9FB223339 /* Pods_CleanSwiftExample.framework */; };
		9B0767BC226199FD0050FBFB /* AppDelegate.swift in Sources */ = {isa = PBXBuildFile; fileRef = 9B0767BB226199FD0050FBFB /* AppDelegate.swift */; };
		9B0767BE226199FD0050FBFB /* RepositoryListController.swift in Sources */ = {isa = PBXBuildFile; fileRef = 9B0767BD226199FD0050FBFB /* RepositoryListController.swift */; };
		9B0767C3226199FE0050FBFB /* Assets.xcassets in Resources */ = {isa = PBXBuildFile; fileRef = 9B0767C2226199FE0050FBFB /* Assets.xcassets */; };
		9B0767C6226199FE0050FBFB /* LaunchScreen.storyboard in Resources */ = {isa = PBXBuildFile; fileRef = 9B0767C4226199FE0050FBFB /* LaunchScreen.storyboard */; };
		9B0767D722619C1E0050FBFB /* RepositoryListPresenter.swift in Sources */ = {isa = PBXBuildFile; fileRef = 9B0767D622619C1E0050FBFB /* RepositoryListPresenter.swift */; };
		9B0767D922619C440050FBFB /* RepositoryListInteractor.swift in Sources */ = {isa = PBXBuildFile; fileRef = 9B0767D822619C440050FBFB /* RepositoryListInteractor.swift */; };
		9B0767DB22619CA40050FBFB /* RepositoryListRouter.swift in Sources */ = {isa = PBXBuildFile; fileRef = 9B0767DA22619CA40050FBFB /* RepositoryListRouter.swift */; };
		9B0767E322619DC80050FBFB /* Repository.swift in Sources */ = {isa = PBXBuildFile; fileRef = 9B0767E222619DC80050FBFB /* Repository.swift */; };
		9B0767E522619DD00050FBFB /* User.swift in Sources */ = {isa = PBXBuildFile; fileRef = 9B0767E422619DD00050FBFB /* User.swift */; };
		9B0767E722619DD80050FBFB /* RepoAPI.swift in Sources */ = {isa = PBXBuildFile; fileRef = 9B0767E622619DD80050FBFB /* RepoAPI.swift */; };
		9B0767EA22619E170050FBFB /* ProfileNode.swift in Sources */ = {isa = PBXBuildFile; fileRef = 9B0767E922619E170050FBFB /* ProfileNode.swift */; };
		9B0767EC22619E230050FBFB /* InformationNode.swift in Sources */ = {isa = PBXBuildFile; fileRef = 9B0767EB22619E230050FBFB /* InformationNode.swift */; };
		9B0767F22261A4420050FBFB /* ASTextNode+Extension.swift in Sources */ = {isa = PBXBuildFile; fileRef = 9B0767F12261A4420050FBFB /* ASTextNode+Extension.swift */; };
		9B0767F42261A6B30050FBFB /* RepositoryListCellNode.swift in Sources */ = {isa = PBXBuildFile; fileRef = 9B0767F32261A6B30050FBFB /* RepositoryListCellNode.swift */; };
		9B5A870C2261AD1A00A24E88 /* NetworkService.swift in Sources */ = {isa = PBXBuildFile; fileRef = 9B5A870B2261AD1A00A24E88 /* NetworkService.swift */; };
		9B5A870E2261ADDF00A24E88 /* RepositoryListModels.swift in Sources */ = {isa = PBXBuildFile; fileRef = 9B5A870D2261ADDF00A24E88 /* RepositoryListModels.swift */; };
		9B5A87102261AF0400A24E88 /* RepositoryListWorker.swift in Sources */ = {isa = PBXBuildFile; fileRef = 9B5A870F2261AF0400A24E88 /* RepositoryListWorker.swift */; };
		9B5A87182261BE9800A24E88 /* RepositoryShowController.swift in Sources */ = {isa = PBXBuildFile; fileRef = 9B5A87172261BE9800A24E88 /* RepositoryShowController.swift */; };
		9B5A871A2261C40E00A24E88 /* RepositoryListContainerNode.swift in Sources */ = {isa = PBXBuildFile; fileRef = 9B5A87192261C40E00A24E88 /* RepositoryListContainerNode.swift */; };
		9B5A871D2261CB3200A24E88 /* RepoShowContainerNode.swift in Sources */ = {isa = PBXBuildFile; fileRef = 9B5A871B2261CB3200A24E88 /* RepoShowContainerNode.swift */; };
		9B5A871E2261CB3200A24E88 /* RepoShowPinneButtonNode.swift in Sources */ = {isa = PBXBuildFile; fileRef = 9B5A871C2261CB3200A24E88 /* RepoShowPinneButtonNode.swift */; };
		9B5A87232263534400A24E88 /* RepositoryShowPresenter.swift in Sources */ = {isa = PBXBuildFile; fileRef = 9B5A87222263534400A24E88 /* RepositoryShowPresenter.swift */; };
		9B5A87252263535000A24E88 /* RepositoryShowInteractor.swift in Sources */ = {isa = PBXBuildFile; fileRef = 9B5A87242263535000A24E88 /* RepositoryShowInteractor.swift */; };
		9B5A87272263535B00A24E88 /* RepositoryShowModels.swift in Sources */ = {isa = PBXBuildFile; fileRef = 9B5A87262263535B00A24E88 /* RepositoryShowModels.swift */; };
		9B5A87292263536600A24E88 /* RepositoryShowWorker.swift in Sources */ = {isa = PBXBuildFile; fileRef = 9B5A87282263536600A24E88 /* RepositoryShowWorker.swift */; };
		9B5A872B2263536E00A24E88 /* RepositoryShowRouter.swift in Sources */ = {isa = PBXBuildFile; fileRef = 9B5A872A2263536D00A24E88 /* RepositoryShowRouter.swift */; };
		9B5A87352263607900A24E88 /* CleanSwiftExample.xcdatamodeld in Sources */ = {isa = PBXBuildFile; fileRef = 9B5A87332263607900A24E88 /* CleanSwiftExample.xcdatamodeld */; };
		9B5A8737226360C000A24E88 /* DataProvider.swift in Sources */ = {isa = PBXBuildFile; fileRef = 9B5A8736226360C000A24E88 /* DataProvider.swift */; };
		9B5A87392265CD9300A24E88 /* Rx+Extension.swift in Sources */ = {isa = PBXBuildFile; fileRef = 9B5A87382265CD9300A24E88 /* Rx+Extension.swift */; };
		9B5A87502265D3C300A24E88 /* RepositoryShowInteractorTests.swift in Sources */ = {isa = PBXBuildFile; fileRef = 9B5A874F2265D3C300A24E88 /* RepositoryShowInteractorTests.swift */; };
		9B5A87532265D68600A24E88 /* repository.json in Resources */ = {isa = PBXBuildFile; fileRef = 9B5A87522265D68600A24E88 /* repository.json */; };
		9B5A87552265D6D400A24E88 /* ReadJSONFile.swift in Sources */ = {isa = PBXBuildFile; fileRef = 9B5A87542265D6D400A24E88 /* ReadJSONFile.swift */; };
		9B5A87582266164400A24E88 /* ReactiveDataStore.swift in Sources */ = {isa = PBXBuildFile; fileRef = 9B5A87572266164400A24E88 /* ReactiveDataStore.swift */; };
		9B5A875A2266A7E500A24E88 /* RepositoryShowPresenterTests.swift in Sources */ = {isa = PBXBuildFile; fileRef = 9B5A87592266A7E500A24E88 /* RepositoryShowPresenterTests.swift */; };
		9B5A875E2266A80200A24E88 /* RepositoryShowWorkerTests.swift in Sources */ = {isa = PBXBuildFile; fileRef = 9B5A875D2266A80200A24E88 /* RepositoryShowWorkerTests.swift */; };
		9B5A87622266A84E00A24E88 /* RepositoryShowControllerTests.swift in Sources */ = {isa = PBXBuildFile; fileRef = 9B5A87612266A84E00A24E88 /* RepositoryShowControllerTests.swift */; };
		A4C3494E27A6EAD0294F7556 /* Pods_CleanSwiftExample_CleanSwiftExampleTests.framework in Frameworks */ = {isa = PBXBuildFile; fileRef = 8752C6B05A212DF200D7D0A4 /* Pods_CleanSwiftExample_CleanSwiftExampleTests.framework */; };
/* End PBXBuildFile section */

/* Begin PBXContainerItemProxy section */
		9B5A87432265D2FB00A24E88 /* PBXContainerItemProxy */ = {
			isa = PBXContainerItemProxy;
			containerPortal = 9B0767B0226199FD0050FBFB /* Project object */;
			proxyType = 1;
			remoteGlobalIDString = 9B0767B7226199FD0050FBFB;
			remoteInfo = CleanSwiftExample;
		};
/* End PBXContainerItemProxy section */

/* Begin PBXFileReference section */
		61752DB8B1673EC08D681F44 /* Pods-CleanSwiftExample-CleanSwiftExampleTests.release.xcconfig */ = {isa = PBXFileReference; includeInIndex = 1; lastKnownFileType = text.xcconfig; name = "Pods-CleanSwiftExample-CleanSwiftExampleTests.release.xcconfig"; path = "Pods/Target Support Files/Pods-CleanSwiftExample-CleanSwiftExampleTests/Pods-CleanSwiftExample-CleanSwiftExampleTests.release.xcconfig"; sourceTree = "<group>"; };
		65C2218D24404AA63FD9A613 /* Pods-CleanSwiftExample.release.xcconfig */ = {isa = PBXFileReference; includeInIndex = 1; lastKnownFileType = text.xcconfig; name = "Pods-CleanSwiftExample.release.xcconfig"; path = "Pods/Target Support Files/Pods-CleanSwiftExample/Pods-CleanSwiftExample.release.xcconfig"; sourceTree = "<group>"; };
		8752C6B05A212DF200D7D0A4 /* Pods_CleanSwiftExample_CleanSwiftExampleTests.framework */ = {isa = PBXFileReference; explicitFileType = wrapper.framework; includeInIndex = 0; path = Pods_CleanSwiftExample_CleanSwiftExampleTests.framework; sourceTree = BUILT_PRODUCTS_DIR; };
		9B0767B8226199FD0050FBFB /* CleanSwiftExample.app */ = {isa = PBXFileReference; explicitFileType = wrapper.application; includeInIndex = 0; path = CleanSwiftExample.app; sourceTree = BUILT_PRODUCTS_DIR; };
		9B0767BB226199FD0050FBFB /* AppDelegate.swift */ = {isa = PBXFileReference; lastKnownFileType = sourcecode.swift; path = AppDelegate.swift; sourceTree = "<group>"; };
		9B0767BD226199FD0050FBFB /* RepositoryListController.swift */ = {isa = PBXFileReference; lastKnownFileType = sourcecode.swift; path = RepositoryListController.swift; sourceTree = "<group>"; };
		9B0767C2226199FE0050FBFB /* Assets.xcassets */ = {isa = PBXFileReference; lastKnownFileType = folder.assetcatalog; path = Assets.xcassets; sourceTree = "<group>"; };
		9B0767C5226199FE0050FBFB /* Base */ = {isa = PBXFileReference; lastKnownFileType = file.storyboard; name = Base; path = Base.lproj/LaunchScreen.storyboard; sourceTree = "<group>"; };
		9B0767C7226199FE0050FBFB /* Info.plist */ = {isa = PBXFileReference; lastKnownFileType = text.plist.xml; path = Info.plist; sourceTree = "<group>"; };
		9B0767D622619C1E0050FBFB /* RepositoryListPresenter.swift */ = {isa = PBXFileReference; lastKnownFileType = sourcecode.swift; path = RepositoryListPresenter.swift; sourceTree = "<group>"; };
		9B0767D822619C440050FBFB /* RepositoryListInteractor.swift */ = {isa = PBXFileReference; lastKnownFileType = sourcecode.swift; path = RepositoryListInteractor.swift; sourceTree = "<group>"; };
		9B0767DA22619CA40050FBFB /* RepositoryListRouter.swift */ = {isa = PBXFileReference; lastKnownFileType = sourcecode.swift; path = RepositoryListRouter.swift; sourceTree = "<group>"; };
		9B0767E222619DC80050FBFB /* Repository.swift */ = {isa = PBXFileReference; lastKnownFileType = sourcecode.swift; path = Repository.swift; sourceTree = "<group>"; };
		9B0767E422619DD00050FBFB /* User.swift */ = {isa = PBXFileReference; lastKnownFileType = sourcecode.swift; path = User.swift; sourceTree = "<group>"; };
		9B0767E622619DD80050FBFB /* RepoAPI.swift */ = {isa = PBXFileReference; lastKnownFileType = sourcecode.swift; path = RepoAPI.swift; sourceTree = "<group>"; };
		9B0767E922619E170050FBFB /* ProfileNode.swift */ = {isa = PBXFileReference; lastKnownFileType = sourcecode.swift; path = ProfileNode.swift; sourceTree = "<group>"; };
		9B0767EB22619E230050FBFB /* InformationNode.swift */ = {isa = PBXFileReference; lastKnownFileType = sourcecode.swift; path = InformationNode.swift; sourceTree = "<group>"; };
		9B0767F12261A4420050FBFB /* ASTextNode+Extension.swift */ = {isa = PBXFileReference; lastKnownFileType = sourcecode.swift; path = "ASTextNode+Extension.swift"; sourceTree = "<group>"; };
		9B0767F32261A6B30050FBFB /* RepositoryListCellNode.swift */ = {isa = PBXFileReference; lastKnownFileType = sourcecode.swift; path = RepositoryListCellNode.swift; sourceTree = "<group>"; };
		9B5A870B2261AD1A00A24E88 /* NetworkService.swift */ = {isa = PBXFileReference; lastKnownFileType = sourcecode.swift; path = NetworkService.swift; sourceTree = "<group>"; };
		9B5A870D2261ADDF00A24E88 /* RepositoryListModels.swift */ = {isa = PBXFileReference; lastKnownFileType = sourcecode.swift; path = RepositoryListModels.swift; sourceTree = "<group>"; };
		9B5A870F2261AF0400A24E88 /* RepositoryListWorker.swift */ = {isa = PBXFileReference; lastKnownFileType = sourcecode.swift; path = RepositoryListWorker.swift; sourceTree = "<group>"; };
		9B5A87172261BE9800A24E88 /* RepositoryShowController.swift */ = {isa = PBXFileReference; lastKnownFileType = sourcecode.swift; path = RepositoryShowController.swift; sourceTree = "<group>"; };
		9B5A87192261C40E00A24E88 /* RepositoryListContainerNode.swift */ = {isa = PBXFileReference; lastKnownFileType = sourcecode.swift; path = RepositoryListContainerNode.swift; sourceTree = "<group>"; };
		9B5A871B2261CB3200A24E88 /* RepoShowContainerNode.swift */ = {isa = PBXFileReference; fileEncoding = 4; lastKnownFileType = sourcecode.swift; path = RepoShowContainerNode.swift; sourceTree = "<group>"; };
		9B5A871C2261CB3200A24E88 /* RepoShowPinneButtonNode.swift */ = {isa = PBXFileReference; fileEncoding = 4; lastKnownFileType = sourcecode.swift; path = RepoShowPinneButtonNode.swift; sourceTree = "<group>"; };
		9B5A87222263534400A24E88 /* RepositoryShowPresenter.swift */ = {isa = PBXFileReference; lastKnownFileType = sourcecode.swift; path = RepositoryShowPresenter.swift; sourceTree = "<group>"; };
		9B5A87242263535000A24E88 /* RepositoryShowInteractor.swift */ = {isa = PBXFileReference; lastKnownFileType = sourcecode.swift; path = RepositoryShowInteractor.swift; sourceTree = "<group>"; };
		9B5A87262263535B00A24E88 /* RepositoryShowModels.swift */ = {isa = PBXFileReference; lastKnownFileType = sourcecode.swift; path = RepositoryShowModels.swift; sourceTree = "<group>"; };
		9B5A87282263536600A24E88 /* RepositoryShowWorker.swift */ = {isa = PBXFileReference; lastKnownFileType = sourcecode.swift; path = RepositoryShowWorker.swift; sourceTree = "<group>"; };
		9B5A872A2263536D00A24E88 /* RepositoryShowRouter.swift */ = {isa = PBXFileReference; lastKnownFileType = sourcecode.swift; path = RepositoryShowRouter.swift; sourceTree = "<group>"; };
		9B5A87342263607900A24E88 /* CleanSwiftExample.xcdatamodel */ = {isa = PBXFileReference; lastKnownFileType = wrapper.xcdatamodel; path = CleanSwiftExample.xcdatamodel; sourceTree = "<group>"; };
		9B5A8736226360C000A24E88 /* DataProvider.swift */ = {isa = PBXFileReference; lastKnownFileType = sourcecode.swift; path = DataProvider.swift; sourceTree = "<group>"; };
		9B5A87382265CD9300A24E88 /* Rx+Extension.swift */ = {isa = PBXFileReference; lastKnownFileType = sourcecode.swift; path = "Rx+Extension.swift"; sourceTree = "<group>"; };
		9B5A873E2265D2FA00A24E88 /* CleanSwiftExampleTests.xctest */ = {isa = PBXFileReference; explicitFileType = wrapper.cfbundle; includeInIndex = 0; path = CleanSwiftExampleTests.xctest; sourceTree = BUILT_PRODUCTS_DIR; };
		9B5A87422265D2FB00A24E88 /* Info.plist */ = {isa = PBXFileReference; lastKnownFileType = text.plist.xml; path = Info.plist; sourceTree = "<group>"; };
		9B5A874F2265D3C300A24E88 /* RepositoryShowInteractorTests.swift */ = {isa = PBXFileReference; lastKnownFileType = sourcecode.swift; path = RepositoryShowInteractorTests.swift; sourceTree = "<group>"; };
		9B5A87522265D68600A24E88 /* repository.json */ = {isa = PBXFileReference; lastKnownFileType = text.json; path = repository.json; sourceTree = "<group>"; };
		9B5A87542265D6D400A24E88 /* ReadJSONFile.swift */ = {isa = PBXFileReference; lastKnownFileType = sourcecode.swift; path = ReadJSONFile.swift; sourceTree = "<group>"; };
		9B5A87572266164400A24E88 /* ReactiveDataStore.swift */ = {isa = PBXFileReference; lastKnownFileType = sourcecode.swift; path = ReactiveDataStore.swift; sourceTree = "<group>"; };
		9B5A87592266A7E500A24E88 /* RepositoryShowPresenterTests.swift */ = {isa = PBXFileReference; lastKnownFileType = sourcecode.swift; path = RepositoryShowPresenterTests.swift; sourceTree = "<group>"; };
		9B5A875D2266A80200A24E88 /* RepositoryShowWorkerTests.swift */ = {isa = PBXFileReference; lastKnownFileType = sourcecode.swift; path = RepositoryShowWorkerTests.swift; sourceTree = "<group>"; };
		9B5A87612266A84E00A24E88 /* RepositoryShowControllerTests.swift */ = {isa = PBXFileReference; lastKnownFileType = sourcecode.swift; path = RepositoryShowControllerTests.swift; sourceTree = "<group>"; };
		D0269B71F94FC8A870069417 /* Pods-CleanSwiftExample.debug.xcconfig */ = {isa = PBXFileReference; includeInIndex = 1; lastKnownFileType = text.xcconfig; name = "Pods-CleanSwiftExample.debug.xcconfig"; path = "Pods/Target Support Files/Pods-CleanSwiftExample/Pods-CleanSwiftExample.debug.xcconfig"; sourceTree = "<group>"; };
		D07884F9EC59008542BDA634 /* Pods-CleanSwiftExample-CleanSwiftExampleTests.debug.xcconfig */ = {isa = PBXFileReference; includeInIndex = 1; lastKnownFileType = text.xcconfig; name = "Pods-CleanSwiftExample-CleanSwiftExampleTests.debug.xcconfig"; path = "Pods/Target Support Files/Pods-CleanSwiftExample-CleanSwiftExampleTests/Pods-CleanSwiftExample-CleanSwiftExampleTests.debug.xcconfig"; sourceTree = "<group>"; };
		E7E4311CD4531FB9FB223339 /* Pods_CleanSwiftExample.framework */ = {isa = PBXFileReference; explicitFileType = wrapper.framework; includeInIndex = 0; path = Pods_CleanSwiftExample.framework; sourceTree = BUILT_PRODUCTS_DIR; };
/* End PBXFileReference section */

/* Begin PBXFrameworksBuildPhase section */
		9B0767B5226199FD0050FBFB /* Frameworks */ = {
			isa = PBXFrameworksBuildPhase;
			buildActionMask = 2147483647;
			files = (
				4B8F610765BECD4E8DDFAE08 /* Pods_CleanSwiftExample.framework in Frameworks */,
			);
			runOnlyForDeploymentPostprocessing = 0;
		};
		9B5A873B2265D2FA00A24E88 /* Frameworks */ = {
			isa = PBXFrameworksBuildPhase;
			buildActionMask = 2147483647;
			files = (
				A4C3494E27A6EAD0294F7556 /* Pods_CleanSwiftExample_CleanSwiftExampleTests.framework in Frameworks */,
			);
			runOnlyForDeploymentPostprocessing = 0;
		};
/* End PBXFrameworksBuildPhase section */

/* Begin PBXGroup section */
		811BD3A02D0F72BD095731E4 /* Frameworks */ = {
			isa = PBXGroup;
			children = (
				E7E4311CD4531FB9FB223339 /* Pods_CleanSwiftExample.framework */,
				8752C6B05A212DF200D7D0A4 /* Pods_CleanSwiftExample_CleanSwiftExampleTests.framework */,
			);
			name = Frameworks;
			sourceTree = "<group>";
		};
		9B0767AF226199FD0050FBFB = {
			isa = PBXGroup;
			children = (
				9B0767BA226199FD0050FBFB /* CleanSwiftExample */,
				9B5A873F2265D2FB00A24E88 /* CleanSwiftExampleTests */,
				9B0767B9226199FD0050FBFB /* Products */,
				F921DEDA2C3057FA8905419E /* Pods */,
				811BD3A02D0F72BD095731E4 /* Frameworks */,
			);
			sourceTree = "<group>";
		};
		9B0767B9226199FD0050FBFB /* Products */ = {
			isa = PBXGroup;
			children = (
				9B0767B8226199FD0050FBFB /* CleanSwiftExample.app */,
				9B5A873E2265D2FA00A24E88 /* CleanSwiftExampleTests.xctest */,
			);
			name = Products;
			sourceTree = "<group>";
		};
		9B0767BA226199FD0050FBFB /* CleanSwiftExample */ = {
			isa = PBXGroup;
			children = (
				9B5A87562266162800A24E88 /* Utils */,
				9B5A87322263606300A24E88 /* DataProvider */,
				9B0767F02261A4370050FBFB /* Extensions */,
				9B0767E822619E0E0050FBFB /* Nodes */,
				9B0767D422619BED0050FBFB /* Services */,
				9B0767D322619BDA0050FBFB /* Models */,
				9B0767D222619BCD0050FBFB /* Scenes */,
				9B0767BB226199FD0050FBFB /* AppDelegate.swift */,
				9B0767C2226199FE0050FBFB /* Assets.xcassets */,
				9B0767C4226199FE0050FBFB /* LaunchScreen.storyboard */,
				9B0767C7226199FE0050FBFB /* Info.plist */,
			);
			path = CleanSwiftExample;
			sourceTree = "<group>";
		};
		9B0767CD22619B230050FBFB /* RepositoryList */ = {
			isa = PBXGroup;
			children = (
				9B0767F52261A6C50050FBFB /* Components */,
				9B0767BD226199FD0050FBFB /* RepositoryListController.swift */,
				9B0767D822619C440050FBFB /* RepositoryListInteractor.swift */,
				9B5A870D2261ADDF00A24E88 /* RepositoryListModels.swift */,
				9B0767D622619C1E0050FBFB /* RepositoryListPresenter.swift */,
				9B0767DA22619CA40050FBFB /* RepositoryListRouter.swift */,
				9B5A870F2261AF0400A24E88 /* RepositoryListWorker.swift */,
			);
			path = RepositoryList;
			sourceTree = "<group>";
		};
		9B0767D222619BCD0050FBFB /* Scenes */ = {
			isa = PBXGroup;
			children = (
				9B5A87112261BC3400A24E88 /* RepositoryShow */,
				9B0767CD22619B230050FBFB /* RepositoryList */,
			);
			path = Scenes;
			sourceTree = "<group>";
		};
		9B0767D322619BDA0050FBFB /* Models */ = {
			isa = PBXGroup;
			children = (
				9B0767E222619DC80050FBFB /* Repository.swift */,
				9B0767E422619DD00050FBFB /* User.swift */,
			);
			path = Models;
			sourceTree = "<group>";
		};
		9B0767D422619BED0050FBFB /* Services */ = {
			isa = PBXGroup;
			children = (
				9B0767E622619DD80050FBFB /* RepoAPI.swift */,
				9B5A870B2261AD1A00A24E88 /* NetworkService.swift */,
			);
			path = Services;
			sourceTree = "<group>";
		};
		9B0767E822619E0E0050FBFB /* Nodes */ = {
			isa = PBXGroup;
			children = (
				9B0767E922619E170050FBFB /* ProfileNode.swift */,
				9B0767EB22619E230050FBFB /* InformationNode.swift */,
			);
			path = Nodes;
			sourceTree = "<group>";
		};
		9B0767F02261A4370050FBFB /* Extensions */ = {
			isa = PBXGroup;
			children = (
				9B0767F12261A4420050FBFB /* ASTextNode+Extension.swift */,
				9B5A87382265CD9300A24E88 /* Rx+Extension.swift */,
			);
			path = Extensions;
			sourceTree = "<group>";
		};
		9B0767F52261A6C50050FBFB /* Components */ = {
			isa = PBXGroup;
			children = (
				9B0767F32261A6B30050FBFB /* RepositoryListCellNode.swift */,
				9B5A87192261C40E00A24E88 /* RepositoryListContainerNode.swift */,
			);
			path = Components;
			sourceTree = "<group>";
		};
		9B5A87112261BC3400A24E88 /* RepositoryShow */ = {
			isa = PBXGroup;
			children = (
				9B5A87122261BC4200A24E88 /* Components */,
				9B5A87172261BE9800A24E88 /* RepositoryShowController.swift */,
				9B5A87242263535000A24E88 /* RepositoryShowInteractor.swift */,
				9B5A87262263535B00A24E88 /* RepositoryShowModels.swift */,
				9B5A87222263534400A24E88 /* RepositoryShowPresenter.swift */,
				9B5A872A2263536D00A24E88 /* RepositoryShowRouter.swift */,
				9B5A87282263536600A24E88 /* RepositoryShowWorker.swift */,
			);
			path = RepositoryShow;
			sourceTree = "<group>";
		};
		9B5A87122261BC4200A24E88 /* Components */ = {
			isa = PBXGroup;
			children = (
				9B5A871B2261CB3200A24E88 /* RepoShowContainerNode.swift */,
				9B5A871C2261CB3200A24E88 /* RepoShowPinneButtonNode.swift */,
			);
			path = Components;
			sourceTree = "<group>";
		};
		9B5A87322263606300A24E88 /* DataProvider */ = {
			isa = PBXGroup;
			children = (
				9B5A87332263607900A24E88 /* CleanSwiftExample.xcdatamodeld */,
				9B5A8736226360C000A24E88 /* DataProvider.swift */,
			);
			path = DataProvider;
			sourceTree = "<group>";
		};
		9B5A873F2265D2FB00A24E88 /* CleanSwiftExampleTests */ = {
			isa = PBXGroup;
			children = (
				9B5A87512265D67600A24E88 /* res */,
				9B5A874D2265D39300A24E88 /* Scenes */,
				9B5A87422265D2FB00A24E88 /* Info.plist */,
			);
			path = CleanSwiftExampleTests;
			sourceTree = "<group>";
		};
		9B5A874D2265D39300A24E88 /* Scenes */ = {
			isa = PBXGroup;
			children = (
				9B5A874E2265D39800A24E88 /* RepositoryShow */,
			);
			path = Scenes;
			sourceTree = "<group>";
		};
		9B5A874E2265D39800A24E88 /* RepositoryShow */ = {
			isa = PBXGroup;
			children = (
				9B5A874F2265D3C300A24E88 /* RepositoryShowInteractorTests.swift */,
				9B5A87592266A7E500A24E88 /* RepositoryShowPresenterTests.swift */,
				9B5A875D2266A80200A24E88 /* RepositoryShowWorkerTests.swift */,
				9B5A87612266A84E00A24E88 /* RepositoryShowControllerTests.swift */,
			);
			path = RepositoryShow;
			sourceTree = "<group>";
		};
		9B5A87512265D67600A24E88 /* res */ = {
			isa = PBXGroup;
			children = (
				9B5A87522265D68600A24E88 /* repository.json */,
				9B5A87542265D6D400A24E88 /* ReadJSONFile.swift */,
			);
			path = res;
			sourceTree = "<group>";
		};
		9B5A87562266162800A24E88 /* Utils */ = {
			isa = PBXGroup;
			children = (
				9B5A87572266164400A24E88 /* ReactiveDataStore.swift */,
			);
			path = Utils;
			sourceTree = "<group>";
		};
		F921DEDA2C3057FA8905419E /* Pods */ = {
			isa = PBXGroup;
			children = (
				D0269B71F94FC8A870069417 /* Pods-CleanSwiftExample.debug.xcconfig */,
				65C2218D24404AA63FD9A613 /* Pods-CleanSwiftExample.release.xcconfig */,
				D07884F9EC59008542BDA634 /* Pods-CleanSwiftExample-CleanSwiftExampleTests.debug.xcconfig */,
				61752DB8B1673EC08D681F44 /* Pods-CleanSwiftExample-CleanSwiftExampleTests.release.xcconfig */,
			);
			name = Pods;
			sourceTree = "<group>";
		};
/* End PBXGroup section */

/* Begin PBXNativeTarget section */
		9B0767B7226199FD0050FBFB /* CleanSwiftExample */ = {
			isa = PBXNativeTarget;
			buildConfigurationList = 9B0767CA226199FE0050FBFB /* Build configuration list for PBXNativeTarget "CleanSwiftExample" */;
			buildPhases = (
				8A3B41F41149A11CE0206D07 /* [CP] Check Pods Manifest.lock */,
				9B0767B4226199FD0050FBFB /* Sources */,
				9B0767B5226199FD0050FBFB /* Frameworks */,
				9B0767B6226199FD0050FBFB /* Resources */,
				E4772E1074DF971139BE2A82 /* [CP] Embed Pods Frameworks */,
			);
			buildRules = (
			);
			dependencies = (
			);
			name = CleanSwiftExample;
			productName = CleanSwiftExample;
			productReference = 9B0767B8226199FD0050FBFB /* CleanSwiftExample.app */;
			productType = "com.apple.product-type.application";
		};
		9B5A873D2265D2FA00A24E88 /* CleanSwiftExampleTests */ = {
			isa = PBXNativeTarget;
			buildConfigurationList = 9B5A87452265D2FB00A24E88 /* Build configuration list for PBXNativeTarget "CleanSwiftExampleTests" */;
			buildPhases = (
				47550833F1C691D7D7CCF676 /* [CP] Check Pods Manifest.lock */,
				9B5A873A2265D2FA00A24E88 /* Sources */,
				9B5A873B2265D2FA00A24E88 /* Frameworks */,
				9B5A873C2265D2FA00A24E88 /* Resources */,
				43A0DAA5C9203A706C288F63 /* [CP] Embed Pods Frameworks */,
			);
			buildRules = (
			);
			dependencies = (
				9B5A87442265D2FB00A24E88 /* PBXTargetDependency */,
			);
			name = CleanSwiftExampleTests;
			productName = CleanSwiftExampleTests;
			productReference = 9B5A873E2265D2FA00A24E88 /* CleanSwiftExampleTests.xctest */;
			productType = "com.apple.product-type.bundle.unit-test";
		};
/* End PBXNativeTarget section */

/* Begin PBXProject section */
		9B0767B0226199FD0050FBFB /* Project object */ = {
			isa = PBXProject;
			attributes = {
				LastSwiftUpdateCheck = 1010;
				LastUpgradeCheck = 1010;
				ORGANIZATIONNAME = Geektree0101;
				TargetAttributes = {
					9B0767B7226199FD0050FBFB = {
						CreatedOnToolsVersion = 10.1;
					};
					9B5A873D2265D2FA00A24E88 = {
						CreatedOnToolsVersion = 10.1;
						LastSwiftMigration = 1010;
						TestTargetID = 9B0767B7226199FD0050FBFB;
					};
				};
			};
			buildConfigurationList = 9B0767B3226199FD0050FBFB /* Build configuration list for PBXProject "CleanSwiftExample" */;
			compatibilityVersion = "Xcode 9.3";
			developmentRegion = en;
			hasScannedForEncodings = 0;
			knownRegions = (
				en,
				Base,
			);
			mainGroup = 9B0767AF226199FD0050FBFB;
			productRefGroup = 9B0767B9226199FD0050FBFB /* Products */;
			projectDirPath = "";
			projectRoot = "";
			targets = (
				9B0767B7226199FD0050FBFB /* CleanSwiftExample */,
				9B5A873D2265D2FA00A24E88 /* CleanSwiftExampleTests */,
			);
		};
/* End PBXProject section */

/* Begin PBXResourcesBuildPhase section */
		9B0767B6226199FD0050FBFB /* Resources */ = {
			isa = PBXResourcesBuildPhase;
			buildActionMask = 2147483647;
			files = (
				9B0767C6226199FE0050FBFB /* LaunchScreen.storyboard in Resources */,
				9B0767C3226199FE0050FBFB /* Assets.xcassets in Resources */,
			);
			runOnlyForDeploymentPostprocessing = 0;
		};
		9B5A873C2265D2FA00A24E88 /* Resources */ = {
			isa = PBXResourcesBuildPhase;
			buildActionMask = 2147483647;
			files = (
				9B5A87532265D68600A24E88 /* repository.json in Resources */,
			);
			runOnlyForDeploymentPostprocessing = 0;
		};
/* End PBXResourcesBuildPhase section */

/* Begin PBXShellScriptBuildPhase section */
		43A0DAA5C9203A706C288F63 /* [CP] Embed Pods Frameworks */ = {
			isa = PBXShellScriptBuildPhase;
			buildActionMask = 2147483647;
			files = (
			);
			inputFileListPaths = (
			);
			inputPaths = (
				"${SRCROOT}/Pods/Target Support Files/Pods-CleanSwiftExample-CleanSwiftExampleTests/Pods-CleanSwiftExample-CleanSwiftExampleTests-frameworks.sh",
				"${BUILT_PRODUCTS_DIR}/Alamofire/Alamofire.framework",
				"${BUILT_PRODUCTS_DIR}/BonMot/BonMot.framework",
				"${BUILT_PRODUCTS_DIR}/Codextended/Codextended.framework",
				"${BUILT_PRODUCTS_DIR}/PINCache/PINCache.framework",
				"${BUILT_PRODUCTS_DIR}/PINOperation/PINOperation.framework",
				"${BUILT_PRODUCTS_DIR}/PINRemoteImage/PINRemoteImage.framework",
				"${BUILT_PRODUCTS_DIR}/RxAlamofire/RxAlamofire.framework",
				"${BUILT_PRODUCTS_DIR}/RxCocoa/RxCocoa.framework",
				"${BUILT_PRODUCTS_DIR}/RxCocoa-Texture/RxCocoa_Texture.framework",
				"${BUILT_PRODUCTS_DIR}/RxOptional/RxOptional.framework",
				"${BUILT_PRODUCTS_DIR}/RxSwift/RxSwift.framework",
				"${BUILT_PRODUCTS_DIR}/Texture/AsyncDisplayKit.framework",
				"${BUILT_PRODUCTS_DIR}/RxAtomic/RxAtomic.framework",
				"${BUILT_PRODUCTS_DIR}/RxBlocking/RxBlocking.framework",
				"${BUILT_PRODUCTS_DIR}/RxTest/RxTest.framework",
			);
			name = "[CP] Embed Pods Frameworks";
			outputFileListPaths = (
			);
			outputPaths = (
				"${TARGET_BUILD_DIR}/${FRAMEWORKS_FOLDER_PATH}/Alamofire.framework",
				"${TARGET_BUILD_DIR}/${FRAMEWORKS_FOLDER_PATH}/BonMot.framework",
				"${TARGET_BUILD_DIR}/${FRAMEWORKS_FOLDER_PATH}/Codextended.framework",
				"${TARGET_BUILD_DIR}/${FRAMEWORKS_FOLDER_PATH}/PINCache.framework",
				"${TARGET_BUILD_DIR}/${FRAMEWORKS_FOLDER_PATH}/PINOperation.framework",
				"${TARGET_BUILD_DIR}/${FRAMEWORKS_FOLDER_PATH}/PINRemoteImage.framework",
				"${TARGET_BUILD_DIR}/${FRAMEWORKS_FOLDER_PATH}/RxAlamofire.framework",
				"${TARGET_BUILD_DIR}/${FRAMEWORKS_FOLDER_PATH}/RxCocoa.framework",
				"${TARGET_BUILD_DIR}/${FRAMEWORKS_FOLDER_PATH}/RxCocoa_Texture.framework",
				"${TARGET_BUILD_DIR}/${FRAMEWORKS_FOLDER_PATH}/RxOptional.framework",
				"${TARGET_BUILD_DIR}/${FRAMEWORKS_FOLDER_PATH}/RxSwift.framework",
				"${TARGET_BUILD_DIR}/${FRAMEWORKS_FOLDER_PATH}/AsyncDisplayKit.framework",
				"${TARGET_BUILD_DIR}/${FRAMEWORKS_FOLDER_PATH}/RxAtomic.framework",
				"${TARGET_BUILD_DIR}/${FRAMEWORKS_FOLDER_PATH}/RxBlocking.framework",
				"${TARGET_BUILD_DIR}/${FRAMEWORKS_FOLDER_PATH}/RxTest.framework",
			);
			runOnlyForDeploymentPostprocessing = 0;
			shellPath = /bin/sh;
			shellScript = "\"${SRCROOT}/Pods/Target Support Files/Pods-CleanSwiftExample-CleanSwiftExampleTests/Pods-CleanSwiftExample-CleanSwiftExampleTests-frameworks.sh\"\n";
			showEnvVarsInLog = 0;
		};
		47550833F1C691D7D7CCF676 /* [CP] Check Pods Manifest.lock */ = {
			isa = PBXShellScriptBuildPhase;
			buildActionMask = 2147483647;
			files = (
			);
			inputFileListPaths = (
			);
			inputPaths = (
				"${PODS_PODFILE_DIR_PATH}/Podfile.lock",
				"${PODS_ROOT}/Manifest.lock",
			);
			name = "[CP] Check Pods Manifest.lock";
			outputFileListPaths = (
			);
			outputPaths = (
				"$(DERIVED_FILE_DIR)/Pods-CleanSwiftExample-CleanSwiftExampleTests-checkManifestLockResult.txt",
			);
			runOnlyForDeploymentPostprocessing = 0;
			shellPath = /bin/sh;
			shellScript = "diff \"${PODS_PODFILE_DIR_PATH}/Podfile.lock\" \"${PODS_ROOT}/Manifest.lock\" > /dev/null\nif [ $? != 0 ] ; then\n    # print error to STDERR\n    echo \"error: The sandbox is not in sync with the Podfile.lock. Run 'pod install' or update your CocoaPods installation.\" >&2\n    exit 1\nfi\n# This output is used by Xcode 'outputs' to avoid re-running this script phase.\necho \"SUCCESS\" > \"${SCRIPT_OUTPUT_FILE_0}\"\n";
			showEnvVarsInLog = 0;
		};
		8A3B41F41149A11CE0206D07 /* [CP] Check Pods Manifest.lock */ = {
			isa = PBXShellScriptBuildPhase;
			buildActionMask = 2147483647;
			files = (
			);
			inputFileListPaths = (
			);
			inputPaths = (
				"${PODS_PODFILE_DIR_PATH}/Podfile.lock",
				"${PODS_ROOT}/Manifest.lock",
			);
			name = "[CP] Check Pods Manifest.lock";
			outputFileListPaths = (
			);
			outputPaths = (
				"$(DERIVED_FILE_DIR)/Pods-CleanSwiftExample-checkManifestLockResult.txt",
			);
			runOnlyForDeploymentPostprocessing = 0;
			shellPath = /bin/sh;
			shellScript = "diff \"${PODS_PODFILE_DIR_PATH}/Podfile.lock\" \"${PODS_ROOT}/Manifest.lock\" > /dev/null\nif [ $? != 0 ] ; then\n    # print error to STDERR\n    echo \"error: The sandbox is not in sync with the Podfile.lock. Run 'pod install' or update your CocoaPods installation.\" >&2\n    exit 1\nfi\n# This output is used by Xcode 'outputs' to avoid re-running this script phase.\necho \"SUCCESS\" > \"${SCRIPT_OUTPUT_FILE_0}\"\n";
			showEnvVarsInLog = 0;
		};
		E4772E1074DF971139BE2A82 /* [CP] Embed Pods Frameworks */ = {
			isa = PBXShellScriptBuildPhase;
			buildActionMask = 2147483647;
			files = (
			);
			inputFileListPaths = (
			);
			inputPaths = (
				"${SRCROOT}/Pods/Target Support Files/Pods-CleanSwiftExample/Pods-CleanSwiftExample-frameworks.sh",
				"${BUILT_PRODUCTS_DIR}/Alamofire/Alamofire.framework",
				"${BUILT_PRODUCTS_DIR}/BonMot/BonMot.framework",
				"${BUILT_PRODUCTS_DIR}/Codextended/Codextended.framework",
				"${BUILT_PRODUCTS_DIR}/PINCache/PINCache.framework",
				"${BUILT_PRODUCTS_DIR}/PINOperation/PINOperation.framework",
				"${BUILT_PRODUCTS_DIR}/PINRemoteImage/PINRemoteImage.framework",
				"${BUILT_PRODUCTS_DIR}/RxAlamofire/RxAlamofire.framework",
				"${BUILT_PRODUCTS_DIR}/RxCocoa/RxCocoa.framework",
				"${BUILT_PRODUCTS_DIR}/RxCocoa-Texture/RxCocoa_Texture.framework",
				"${BUILT_PRODUCTS_DIR}/RxOptional/RxOptional.framework",
				"${BUILT_PRODUCTS_DIR}/RxSwift/RxSwift.framework",
				"${BUILT_PRODUCTS_DIR}/Texture/AsyncDisplayKit.framework",
			);
			name = "[CP] Embed Pods Frameworks";
			outputFileListPaths = (
			);
			outputPaths = (
				"${TARGET_BUILD_DIR}/${FRAMEWORKS_FOLDER_PATH}/Alamofire.framework",
				"${TARGET_BUILD_DIR}/${FRAMEWORKS_FOLDER_PATH}/BonMot.framework",
				"${TARGET_BUILD_DIR}/${FRAMEWORKS_FOLDER_PATH}/Codextended.framework",
				"${TARGET_BUILD_DIR}/${FRAMEWORKS_FOLDER_PATH}/PINCache.framework",
				"${TARGET_BUILD_DIR}/${FRAMEWORKS_FOLDER_PATH}/PINOperation.framework",
				"${TARGET_BUILD_DIR}/${FRAMEWORKS_FOLDER_PATH}/PINRemoteImage.framework",
				"${TARGET_BUILD_DIR}/${FRAMEWORKS_FOLDER_PATH}/RxAlamofire.framework",
				"${TARGET_BUILD_DIR}/${FRAMEWORKS_FOLDER_PATH}/RxCocoa.framework",
				"${TARGET_BUILD_DIR}/${FRAMEWORKS_FOLDER_PATH}/RxCocoa_Texture.framework",
				"${TARGET_BUILD_DIR}/${FRAMEWORKS_FOLDER_PATH}/RxOptional.framework",
				"${TARGET_BUILD_DIR}/${FRAMEWORKS_FOLDER_PATH}/RxSwift.framework",
				"${TARGET_BUILD_DIR}/${FRAMEWORKS_FOLDER_PATH}/AsyncDisplayKit.framework",
			);
			runOnlyForDeploymentPostprocessing = 0;
			shellPath = /bin/sh;
			shellScript = "\"${SRCROOT}/Pods/Target Support Files/Pods-CleanSwiftExample/Pods-CleanSwiftExample-frameworks.sh\"\n";
			showEnvVarsInLog = 0;
		};
/* End PBXShellScriptBuildPhase section */

/* Begin PBXSourcesBuildPhase section */
		9B0767B4226199FD0050FBFB /* Sources */ = {
			isa = PBXSourcesBuildPhase;
			buildActionMask = 2147483647;
			files = (
				9B5A87292263536600A24E88 /* RepositoryShowWorker.swift in Sources */,
				9B5A871D2261CB3200A24E88 /* RepoShowContainerNode.swift in Sources */,
				9B0767D922619C440050FBFB /* RepositoryListInteractor.swift in Sources */,
				9B5A872B2263536E00A24E88 /* RepositoryShowRouter.swift in Sources */,
				9B0767D722619C1E0050FBFB /* RepositoryListPresenter.swift in Sources */,
				9B5A8737226360C000A24E88 /* DataProvider.swift in Sources */,
				9B5A870C2261AD1A00A24E88 /* NetworkService.swift in Sources */,
				9B0767BE226199FD0050FBFB /* RepositoryListController.swift in Sources */,
				9B5A87582266164400A24E88 /* ReactiveDataStore.swift in Sources */,
				9B0767DB22619CA40050FBFB /* RepositoryListRouter.swift in Sources */,
				9B5A87392265CD9300A24E88 /* Rx+Extension.swift in Sources */,
				9B5A87252263535000A24E88 /* RepositoryShowInteractor.swift in Sources */,
				9B0767E722619DD80050FBFB /* RepoAPI.swift in Sources */,
				9B5A87272263535B00A24E88 /* RepositoryShowModels.swift in Sources */,
				9B5A87232263534400A24E88 /* RepositoryShowPresenter.swift in Sources */,
				9B0767E322619DC80050FBFB /* Repository.swift in Sources */,
				9B5A87182261BE9800A24E88 /* RepositoryShowController.swift in Sources */,
				9B0767F42261A6B30050FBFB /* RepositoryListCellNode.swift in Sources */,
				9B5A871A2261C40E00A24E88 /* RepositoryListContainerNode.swift in Sources */,
				9B0767F22261A4420050FBFB /* ASTextNode+Extension.swift in Sources */,
				9B0767BC226199FD0050FBFB /* AppDelegate.swift in Sources */,
				9B0767E522619DD00050FBFB /* User.swift in Sources */,
				9B5A87352263607900A24E88 /* CleanSwiftExample.xcdatamodeld in Sources */,
				9B5A871E2261CB3200A24E88 /* RepoShowPinneButtonNode.swift in Sources */,
				9B5A870E2261ADDF00A24E88 /* RepositoryListModels.swift in Sources */,
				9B0767EC22619E230050FBFB /* InformationNode.swift in Sources */,
				9B0767EA22619E170050FBFB /* ProfileNode.swift in Sources */,
				9B5A87102261AF0400A24E88 /* RepositoryListWorker.swift in Sources */,
			);
			runOnlyForDeploymentPostprocessing = 0;
		};
		9B5A873A2265D2FA00A24E88 /* Sources */ = {
			isa = PBXSourcesBuildPhase;
			buildActionMask = 2147483647;
			files = (
				9B5A87502265D3C300A24E88 /* RepositoryShowInteractorTests.swift in Sources */,
				9B5A87552265D6D400A24E88 /* ReadJSONFile.swift in Sources */,
				9B5A875A2266A7E500A24E88 /* RepositoryShowPresenterTests.swift in Sources */,
				9B5A87622266A84E00A24E88 /* RepositoryShowControllerTests.swift in Sources */,
				9B5A875E2266A80200A24E88 /* RepositoryShowWorkerTests.swift in Sources */,
			);
			runOnlyForDeploymentPostprocessing = 0;
		};
/* End PBXSourcesBuildPhase section */

/* Begin PBXTargetDependency section */
		9B5A87442265D2FB00A24E88 /* PBXTargetDependency */ = {
			isa = PBXTargetDependency;
			target = 9B0767B7226199FD0050FBFB /* CleanSwiftExample */;
			targetProxy = 9B5A87432265D2FB00A24E88 /* PBXContainerItemProxy */;
		};
/* End PBXTargetDependency section */

/* Begin PBXVariantGroup section */
		9B0767C4226199FE0050FBFB /* LaunchScreen.storyboard */ = {
			isa = PBXVariantGroup;
			children = (
				9B0767C5226199FE0050FBFB /* Base */,
			);
			name = LaunchScreen.storyboard;
			sourceTree = "<group>";
		};
/* End PBXVariantGroup section */

/* Begin XCBuildConfiguration section */
		9B0767C8226199FE0050FBFB /* Debug */ = {
			isa = XCBuildConfiguration;
			buildSettings = {
				ALWAYS_SEARCH_USER_PATHS = NO;
				CLANG_ANALYZER_NONNULL = YES;
				CLANG_ANALYZER_NUMBER_OBJECT_CONVERSION = YES_AGGRESSIVE;
				CLANG_CXX_LANGUAGE_STANDARD = "gnu++14";
				CLANG_CXX_LIBRARY = "libc++";
				CLANG_ENABLE_MODULES = YES;
				CLANG_ENABLE_OBJC_ARC = YES;
				CLANG_ENABLE_OBJC_WEAK = YES;
				CLANG_WARN_BLOCK_CAPTURE_AUTORELEASING = YES;
				CLANG_WARN_BOOL_CONVERSION = YES;
				CLANG_WARN_COMMA = YES;
				CLANG_WARN_CONSTANT_CONVERSION = YES;
				CLANG_WARN_DEPRECATED_OBJC_IMPLEMENTATIONS = YES;
				CLANG_WARN_DIRECT_OBJC_ISA_USAGE = YES_ERROR;
				CLANG_WARN_DOCUMENTATION_COMMENTS = YES;
				CLANG_WARN_EMPTY_BODY = YES;
				CLANG_WARN_ENUM_CONVERSION = YES;
				CLANG_WARN_INFINITE_RECURSION = YES;
				CLANG_WARN_INT_CONVERSION = YES;
				CLANG_WARN_NON_LITERAL_NULL_CONVERSION = YES;
				CLANG_WARN_OBJC_IMPLICIT_RETAIN_SELF = YES;
				CLANG_WARN_OBJC_LITERAL_CONVERSION = YES;
				CLANG_WARN_OBJC_ROOT_CLASS = YES_ERROR;
				CLANG_WARN_RANGE_LOOP_ANALYSIS = YES;
				CLANG_WARN_STRICT_PROTOTYPES = YES;
				CLANG_WARN_SUSPICIOUS_MOVE = YES;
				CLANG_WARN_UNGUARDED_AVAILABILITY = YES_AGGRESSIVE;
				CLANG_WARN_UNREACHABLE_CODE = YES;
				CLANG_WARN__DUPLICATE_METHOD_MATCH = YES;
				CODE_SIGN_IDENTITY = "iPhone Developer";
				COPY_PHASE_STRIP = NO;
				DEBUG_INFORMATION_FORMAT = dwarf;
				ENABLE_STRICT_OBJC_MSGSEND = YES;
				ENABLE_TESTABILITY = YES;
				GCC_C_LANGUAGE_STANDARD = gnu11;
				GCC_DYNAMIC_NO_PIC = NO;
				GCC_NO_COMMON_BLOCKS = YES;
				GCC_OPTIMIZATION_LEVEL = 0;
				GCC_PREPROCESSOR_DEFINITIONS = (
					"DEBUG=1",
					"$(inherited)",
				);
				GCC_WARN_64_TO_32_BIT_CONVERSION = YES;
				GCC_WARN_ABOUT_RETURN_TYPE = YES_ERROR;
				GCC_WARN_UNDECLARED_SELECTOR = YES;
				GCC_WARN_UNINITIALIZED_AUTOS = YES_AGGRESSIVE;
				GCC_WARN_UNUSED_FUNCTION = YES;
				GCC_WARN_UNUSED_VARIABLE = YES;
				IPHONEOS_DEPLOYMENT_TARGET = 12.1;
				MTL_ENABLE_DEBUG_INFO = INCLUDE_SOURCE;
				MTL_FAST_MATH = YES;
				ONLY_ACTIVE_ARCH = YES;
				SDKROOT = iphoneos;
				SWIFT_ACTIVE_COMPILATION_CONDITIONS = DEBUG;
				SWIFT_OPTIMIZATION_LEVEL = "-Onone";
			};
			name = Debug;
		};
		9B0767C9226199FE0050FBFB /* Release */ = {
			isa = XCBuildConfiguration;
			buildSettings = {
				ALWAYS_SEARCH_USER_PATHS = NO;
				CLANG_ANALYZER_NONNULL = YES;
				CLANG_ANALYZER_NUMBER_OBJECT_CONVERSION = YES_AGGRESSIVE;
				CLANG_CXX_LANGUAGE_STANDARD = "gnu++14";
				CLANG_CXX_LIBRARY = "libc++";
				CLANG_ENABLE_MODULES = YES;
				CLANG_ENABLE_OBJC_ARC = YES;
				CLANG_ENABLE_OBJC_WEAK = YES;
				CLANG_WARN_BLOCK_CAPTURE_AUTORELEASING = YES;
				CLANG_WARN_BOOL_CONVERSION = YES;
				CLANG_WARN_COMMA = YES;
				CLANG_WARN_CONSTANT_CONVERSION = YES;
				CLANG_WARN_DEPRECATED_OBJC_IMPLEMENTATIONS = YES;
				CLANG_WARN_DIRECT_OBJC_ISA_USAGE = YES_ERROR;
				CLANG_WARN_DOCUMENTATION_COMMENTS = YES;
				CLANG_WARN_EMPTY_BODY = YES;
				CLANG_WARN_ENUM_CONVERSION = YES;
				CLANG_WARN_INFINITE_RECURSION = YES;
				CLANG_WARN_INT_CONVERSION = YES;
				CLANG_WARN_NON_LITERAL_NULL_CONVERSION = YES;
				CLANG_WARN_OBJC_IMPLICIT_RETAIN_SELF = YES;
				CLANG_WARN_OBJC_LITERAL_CONVERSION = YES;
				CLANG_WARN_OBJC_ROOT_CLASS = YES_ERROR;
				CLANG_WARN_RANGE_LOOP_ANALYSIS = YES;
				CLANG_WARN_STRICT_PROTOTYPES = YES;
				CLANG_WARN_SUSPICIOUS_MOVE = YES;
				CLANG_WARN_UNGUARDED_AVAILABILITY = YES_AGGRESSIVE;
				CLANG_WARN_UNREACHABLE_CODE = YES;
				CLANG_WARN__DUPLICATE_METHOD_MATCH = YES;
				CODE_SIGN_IDENTITY = "iPhone Developer";
				COPY_PHASE_STRIP = NO;
				DEBUG_INFORMATION_FORMAT = "dwarf-with-dsym";
				ENABLE_NS_ASSERTIONS = NO;
				ENABLE_STRICT_OBJC_MSGSEND = YES;
				GCC_C_LANGUAGE_STANDARD = gnu11;
				GCC_NO_COMMON_BLOCKS = YES;
				GCC_WARN_64_TO_32_BIT_CONVERSION = YES;
				GCC_WARN_ABOUT_RETURN_TYPE = YES_ERROR;
				GCC_WARN_UNDECLARED_SELECTOR = YES;
				GCC_WARN_UNINITIALIZED_AUTOS = YES_AGGRESSIVE;
				GCC_WARN_UNUSED_FUNCTION = YES;
				GCC_WARN_UNUSED_VARIABLE = YES;
				IPHONEOS_DEPLOYMENT_TARGET = 12.1;
				MTL_ENABLE_DEBUG_INFO = NO;
				MTL_FAST_MATH = YES;
				SDKROOT = iphoneos;
				SWIFT_COMPILATION_MODE = wholemodule;
				SWIFT_OPTIMIZATION_LEVEL = "-O";
				VALIDATE_PRODUCT = YES;
			};
			name = Release;
		};
		9B0767CB226199FE0050FBFB /* Debug */ = {
			isa = XCBuildConfiguration;
			baseConfigurationReference = D0269B71F94FC8A870069417 /* Pods-CleanSwiftExample.debug.xcconfig */;
			buildSettings = {
				ASSETCATALOG_COMPILER_APPICON_NAME = AppIcon;
				CODE_SIGN_STYLE = Automatic;
				DEVELOPMENT_TEAM = JTEXWEH4CZ;
				INFOPLIST_FILE = CleanSwiftExample/Info.plist;
				LD_RUNPATH_SEARCH_PATHS = (
					"$(inherited)",
					"@executable_path/Frameworks",
				);
				PRODUCT_BUNDLE_IDENTIFIER = Geektree0101.CleanSwiftExample;
				PRODUCT_NAME = "$(TARGET_NAME)";
				SWIFT_VERSION = 4.2;
				TARGETED_DEVICE_FAMILY = "1,2";
			};
			name = Debug;
		};
		9B0767CC226199FE0050FBFB /* Release */ = {
			isa = XCBuildConfiguration;
			baseConfigurationReference = 65C2218D24404AA63FD9A613 /* Pods-CleanSwiftExample.release.xcconfig */;
			buildSettings = {
				ASSETCATALOG_COMPILER_APPICON_NAME = AppIcon;
				CODE_SIGN_STYLE = Automatic;
				DEVELOPMENT_TEAM = JTEXWEH4CZ;
				INFOPLIST_FILE = CleanSwiftExample/Info.plist;
				LD_RUNPATH_SEARCH_PATHS = (
					"$(inherited)",
					"@executable_path/Frameworks",
				);
				PRODUCT_BUNDLE_IDENTIFIER = Geektree0101.CleanSwiftExample;
				PRODUCT_NAME = "$(TARGET_NAME)";
				SWIFT_VERSION = 4.2;
				TARGETED_DEVICE_FAMILY = "1,2";
			};
			name = Release;
		};
		9B5A87462265D2FB00A24E88 /* Debug */ = {
			isa = XCBuildConfiguration;
			baseConfigurationReference = D07884F9EC59008542BDA634 /* Pods-CleanSwiftExample-CleanSwiftExampleTests.debug.xcconfig */;
			buildSettings = {
				BUNDLE_LOADER = "$(TEST_HOST)";
				CLANG_ENABLE_MODULES = YES;
				CODE_SIGN_STYLE = Automatic;
				DEVELOPMENT_TEAM = JTEXWEH4CZ;
				INFOPLIST_FILE = CleanSwiftExampleTests/Info.plist;
				LD_RUNPATH_SEARCH_PATHS = (
					"$(inherited)",
					"@executable_path/Frameworks",
					"@loader_path/Frameworks",
				);
				PRODUCT_BUNDLE_IDENTIFIER = Geektree0101.CleanSwiftExampleTests;
				PRODUCT_NAME = "$(TARGET_NAME)";
				SWIFT_OPTIMIZATION_LEVEL = "-Onone";
				SWIFT_VERSION = 4.2;
				TARGETED_DEVICE_FAMILY = "1,2";
				TEST_HOST = "$(BUILT_PRODUCTS_DIR)/CleanSwiftExample.app/CleanSwiftExample";
			};
			name = Debug;
		};
		9B5A87472265D2FB00A24E88 /* Release */ = {
			isa = XCBuildConfiguration;
			baseConfigurationReference = 61752DB8B1673EC08D681F44 /* Pods-CleanSwiftExample-CleanSwiftExampleTests.release.xcconfig */;
			buildSettings = {
				BUNDLE_LOADER = "$(TEST_HOST)";
				CLANG_ENABLE_MODULES = YES;
				CODE_SIGN_STYLE = Automatic;
				DEVELOPMENT_TEAM = JTEXWEH4CZ;
				INFOPLIST_FILE = CleanSwiftExampleTests/Info.plist;
				LD_RUNPATH_SEARCH_PATHS = (
					"$(inherited)",
					"@executable_path/Frameworks",
					"@loader_path/Frameworks",
				);
				PRODUCT_BUNDLE_IDENTIFIER = Geektree0101.CleanSwiftExampleTests;
				PRODUCT_NAME = "$(TARGET_NAME)";
				SWIFT_VERSION = 4.2;
				TARGETED_DEVICE_FAMILY = "1,2";
				TEST_HOST = "$(BUILT_PRODUCTS_DIR)/CleanSwiftExample.app/CleanSwiftExample";
			};
			name = Release;
		};
/* End XCBuildConfiguration section */

/* Begin XCConfigurationList section */
		9B0767B3226199FD0050FBFB /* Build configuration list for PBXProject "CleanSwiftExample" */ = {
			isa = XCConfigurationList;
			buildConfigurations = (
				9B0767C8226199FE0050FBFB /* Debug */,
				9B0767C9226199FE0050FBFB /* Release */,
			);
			defaultConfigurationIsVisible = 0;
			defaultConfigurationName = Release;
		};
		9B0767CA226199FE0050FBFB /* Build configuration list for PBXNativeTarget "CleanSwiftExample" */ = {
			isa = XCConfigurationList;
			buildConfigurations = (
				9B0767CB226199FE0050FBFB /* Debug */,
				9B0767CC226199FE0050FBFB /* Release */,
			);
			defaultConfigurationIsVisible = 0;
			defaultConfigurationName = Release;
		};
		9B5A87452265D2FB00A24E88 /* Build configuration list for PBXNativeTarget "CleanSwiftExampleTests" */ = {
			isa = XCConfigurationList;
			buildConfigurations = (
				9B5A87462265D2FB00A24E88 /* Debug */,
				9B5A87472265D2FB00A24E88 /* Release */,
			);
			defaultConfigurationIsVisible = 0;
			defaultConfigurationName = Release;
		};
/* End XCConfigurationList section */

/* Begin XCVersionGroup section */
		9B5A87332263607900A24E88 /* CleanSwiftExample.xcdatamodeld */ = {
			isa = XCVersionGroup;
			children = (
				9B5A87342263607900A24E88 /* CleanSwiftExample.xcdatamodel */,
			);
			currentVersion = 9B5A87342263607900A24E88 /* CleanSwiftExample.xcdatamodel */;
			path = CleanSwiftExample.xcdatamodeld;
			sourceTree = "<group>";
			versionGroupType = wrapper.xcdatamodel;
		};
/* End XCVersionGroup section */
	};
	rootObject = 9B0767B0226199FD0050FBFB /* Project object */;
}
